GEM
  remote: https://rubygems.org/
  specs:
    activesupport (8.1.1)
      base64
      bigdecimal
      concurrent-ruby (~> 1.0, >= 1.3.1)
      connection_pool (>= 2.2.5)
      drb
      i18n (>= 1.6, < 2)
      json
      logger (>= 1.4.2)
      minitest (>= 5.1)
      securerandom (>= 0.3)
      tzinfo (~> 2.0, >= 2.0.5)
      uri (>= 0.13.1)
    addressable (2.8.8)
      public_suffix (>= 2.0.2, < 8.0)
    aws-sdk (1.67.0)
      aws-sdk-v1 (= 1.67.0)
    aws-sdk-v1 (1.67.0)
      json (~> 1.4)
      nokogiri (~> 1)
    babosa (1.0.2)
    base64 (0.3.0)
    bigdecimal (3.3.1)
    cert (1.4.4)
      fastlane_core (>= 0.55.0, < 1.0.0)
      spaceship (>= 0.37.0, < 1.0.0)
    claide (0.9.1)
    colored (1.2)
    commander (4.6.0)
      highline (~> 2.0.0)
    concurrent-ruby (1.3.5)
    connection_pool (3.0.2)
    credentials_manager (0.16.4)
      colored
      commander (>= 4.3.5)
      highline (>= 1.7.1)
      security
    declarative (0.0.20)
    deliver (1.16.1)
      credentials_manager (>= 0.16.2, < 1.0.0)
      fastimage (~> 1.6)
      fastlane_core (>= 0.58.0, < 1.0.0)
      plist (>= 3.1.0, < 4.0.0)
      spaceship (>= 0.38.5, < 1.0.0)
    domain_name (0.6.20240107)
    dotenv (3.2.0)
    drb (2.2.3)
    excon (0.112.0)
    faraday (0.17.6)
      multipart-post (>= 1.2, < 3)
    faraday-cookie_jar (0.0.8)
      faraday (>= 0.8.0)
      http-cookie (>= 1.0.0)
    faraday_middleware (0.14.0)
      faraday (>= 0.7.4, < 1.0)
    fastimage (1.6.8)
      addressable (~> 2.3, >= 2.3.5)
    fastlane (1.19.0)
      aws-sdk (~> 1.0)
      cert (>= 0.3.0)
      credentials_manager (>= 0.7.3)
      deliver (>= 0.13.1)
      fastlane_core (>= 0.14.0)
      frameit (>= 2.2.0)
      gym (>= 0.4.3)
      krausefx-shenzhen (>= 0.14.5)
      nokogiri (~> 1.6)
      pbxplorer (~> 1.0.0)
      pem (>= 0.7.1)
      produce (>= 0.6.0)
      rest-client (~> 1.8.0)
      sigh (>= 0.10.4)
      slack-notifier (~> 1.0)
      snapshot (>= 0.9.2)
      spaceship (>= 0.5.3)
      terminal-notifier (~> 1.6.2)
      terminal-table (~> 1.4.5)
      xcodeproj (~> 0.20)
      xcpretty (~> 0.1)
    fastlane-plugin-firebase_app_distribution (0.10.1)
      google-apis-firebaseappdistribution_v1 (~> 0.3.0)
      google-apis-firebaseappdistribution_v1alpha (~> 0.2.0)
    fastlane_core (0.59.0)
      colored
      commander (>= 4.4.0, <= 5.0.0)
      credentials_manager (>= 0.16.2, < 1.0.0)
      excon (>= 0.45.0, < 1.0)
      gh_inspector (>= 1.0.1, < 2.0.0)
      highline (>= 1.7.2)
      json
      multi_json
      plist (>= 3.1.0, < 4.0.0)
      rubyzip (~> 1.1.6)
      terminal-table (>= 1.4.5, < 2.0.0)
    frameit (3.0.0)
      deliver (> 0.3)
      fastimage (~> 1.6.3)
      fastlane_core (>= 0.53.0, < 1.0.0)
      mini_magick (~> 4.5.1)
    gh_inspector (1.1.3)
    google-apis-core (0.11.3)
      addressable (~> 2.5, >= 2.5.1)
      googleauth (>= 0.16.2, < 2.a)
      httpclient (>= 2.8.1, < 3.a)
      mini_mime (~> 1.0)
      representable (~> 3.0)
      retriable (>= 2.0, < 4.a)
      rexml
    google-apis-firebaseappdistribution_v1 (0.3.0)
      google-apis-core (>= 0.11.0, < 2.a)
    google-apis-firebaseappdistribution_v1alpha (0.2.0)
      google-apis-core (>= 0.11.0, < 2.a)
    googleauth (1.8.1)
      faraday (>= 0.17.3, < 3.a)
      jwt (>= 1.4, < 3.0)
      multi_json (~> 1.11)
      os (>= 0.9, < 2.0)
      signet (>= 0.16, < 2.a)
    gym (1.12.1)
      fastlane_core (>= 0.57.0, < 1.0.0)
      plist (>= 3.1.0, < 4.0.0)
      rubyzip (>= 1.1.7)
      terminal-table (>= 1.4.5, < 2.0.0)
      xcpretty (>= 0.2.4, < 1.0.0)
    highline (2.0.3)
    http-cookie (1.1.0)
      domain_name (~> 0.5)
    httpclient (2.9.0)
      mutex_m
    i18n (1.14.7)
      concurrent-ruby (~> 1.0)
    json (1.8.6)
    jwt (2.10.2)
      base64
    krausefx-shenzhen (0.14.11)
      commander (>= 4.3, < 5.0)
      dotenv (>= 0.7)
      faraday (~> 0.9)
      faraday_middleware (~> 0.9)
      highline (>= 1.7.2)
      json (~> 1.8)
      net-sftp (~> 2.1.2)
      plist (>= 3.1.0, < 4.0.0)
      rubyzip (~> 1.1)
      security (~> 0.1.3)
      terminal-table (~> 1.4.5)
    logger (1.7.0)
    mime-types (2.99.3)
    mini_magick (4.5.1)
    mini_mime (1.1.5)
    minitest (5.27.0)
    multi_json (1.18.0)
    multi_xml (0.7.2)
      bigdecimal (~> 3.1)
    multipart-post (2.4.1)
    mutex_m (0.3.0)
    net-sftp (2.1.2)
      net-ssh (>= 2.6.5)
    net-ssh (7.3.0)
    netrc (0.11.0)
    nokogiri (1.18.10-arm64-darwin)
      racc (~> 1.4)
    os (1.1.4)
    pbxplorer (1.0.0)
    pem (1.4.1)
      fastlane_core (>= 0.58.0, < 1.0.0)
      spaceship (>= 0.38.5, < 1.0.0)
    plist (3.7.2)
    produce (1.3.2)
      fastlane_core (>= 0.57.2, < 1.0.0)
      spaceship (>= 0.38.4, < 1.0.0)
    public_suffix (7.0.0)
    racc (1.8.1)
    representable (3.2.0)
      declarative (< 0.1.0)
      trailblazer-option (>= 0.1.1, < 0.2.0)
      uber (< 0.2.0)
    rest-client (1.8.0)
      http-cookie (>= 1.0.2, < 2.0)
      mime-types (>= 1.16, < 3.0)
      netrc (~> 0.7)
    retriable (3.1.2)
    rexml (3.4.4)
    rouge (3.28.0)
    rubyzip (1.1.7)
    securerandom (0.4.1)
    security (0.1.5)
    sigh (1.12.1)
      fastlane_core (>= 0.57.2, < 1.0.0)
      plist (>= 3.1.0, < 4.0.0)
      spaceship (>= 0.38.4, < 1.0.0)
    signet (0.21.0)
      addressable (~> 2.8)
      faraday (>= 0.17.5, < 3.a)
      jwt (>= 1.5, < 4.0)
      multi_json (~> 1.10)
    slack-notifier (1.5.1)
    snapshot (1.16.4)
      fastimage (~> 1.6.3)
      fastlane_core (>= 0.57.0, < 1.0.0)
      plist (>= 3.1.0, < 4.0.0)
      xcpretty (>= 0.2.4, < 1.0.0)
    spaceship (0.39.0)
      babosa (= 1.0.2)
      colored
      credentials_manager (>= 0.16.0)
      faraday (~> 0.9)
      faraday-cookie_jar (~> 0.0.6)
      faraday_middleware (~> 0.9)
      fastimage (>= 1.6)
      multi_xml (~> 0.5)
      plist (>= 3.1.0, < 4.0.0)
    terminal-notifier (1.6.3)
    terminal-table (1.4.5)
    trailblazer-option (0.1.2)
    tzinfo (2.0.6)
      concurrent-ruby (~> 1.0)
    uber (0.1.0)
    uri (1.1.1)
    xcodeproj (0.28.2)
      activesupport (>= 3)
      claide (~> 0.9.1)
      colored (~> 1.2)
    xcpretty (0.4.1)
      rouge (~> 3.28.0)

PLATFORMS
  arm64-darwin-25

DEPENDENCIES
  fastlane
  fastlane-plugin-firebase_app_distribution (~> 0.10.1)

CHECKSUMS
  activesupport (8.1.1) sha256=5e92534e8d0c8b8b5e6b16789c69dbea65c1d7b752269f71a39422e9546cea67
  addressable (2.8.8) sha256=7c13b8f9536cf6364c03b9d417c19986019e28f7c00ac8132da4eb0fe393b057
  aws-sdk (1.67.0) sha256=463c3634cf80090df3850cdb6f3bc3e934074dca418ddb713fa2e0de1018f300
  aws-sdk-v1 (1.67.0) sha256=f8663b73abc6df312dd9b3f35a2a13457ac24053cc5d79b86df64ecab05d165d
  babosa (1.0.2) sha256=4edc28885e0cbf3e1c258887531c274986ebc1ceaf703266276c917fc9eb2f17
  base64 (0.3.0) sha256=27337aeabad6ffae05c265c450490628ef3ebd4b67be58257393227588f5a97b
  bigdecimal (3.3.1) sha256=eaa01e228be54c4f9f53bf3cc34fe3d5e845c31963e7fcc5bedb05a4e7d52218
  cert (1.4.4) sha256=6dfd045c7ecd3ec8258b29cabf5901bee6161e9ce654a82f20b8e26757019b9f
  claide (0.9.1) sha256=e54464301af5854cedfcc869c0b7d46ebf29d87c67ce401c89889886a439f5d2
  colored (1.2) sha256=9d82b47ac589ce7f6cab64b1f194a2009e9fd00c326a5357321f44afab2c1d2c
  commander (4.6.0) sha256=7d1ddc3fccae60cc906b4131b916107e2ef0108858f485fdda30610c0f2913d9
  concurrent-ruby (1.3.5) sha256=813b3e37aca6df2a21a3b9f1d497f8cbab24a2b94cab325bffe65ee0f6cbebc6
  connection_pool (3.0.2) sha256=33fff5ba71a12d2aa26cb72b1db8bba2a1a01823559fb01d29eb74c286e62e0a
  credentials_manager (0.16.4) sha256=2f15b5e380fdceb7ce415e3ce492045c04193166c3056efb9064e836e4e916b3
  declarative (0.0.20) sha256=8021dd6cb17ab2b61233c56903d3f5a259c5cf43c80ff332d447d395b17d9ff9
  deliver (1.16.1) sha256=2c915c2fe68514960ef7bc3ada80ce20d4a5652913fdc147c57a2265ea2c7190
  domain_name (0.6.20240107) sha256=5f693b2215708476517479bf2b3802e49068ad82167bcd2286f899536a17d933
  dotenv (3.2.0) sha256=e375b83121ea7ca4ce20f214740076129ab8514cd81378161f11c03853fe619d
  drb (2.2.3) sha256=0b00d6fdb50995fe4a45dea13663493c841112e4068656854646f418fda13373
  excon (0.112.0) sha256=daf9ac3a4c2fc9aa48383a33da77ecb44fa395111e973084d5c52f6f214ae0f0
  faraday (0.17.6) sha256=a572118695fce2937e3a8bed33498ac0c25a263cdb570ea5cd2e41b36c821c34
  faraday-cookie_jar (0.0.8) sha256=0140605823f8cc63c7028fccee486aaed8e54835c360cffc1f7c8c07c4299dbb
  faraday_middleware (0.14.0) sha256=4cb37ddd656b2c4de0bd684b72b08c34486f70560c31cb303cd506faef7ef2f4
  fastimage (1.6.8) sha256=3721806a38cd42762c5cd0fd123509ae9687bbf7bd3f413480d085ab1f824099
  fastlane (1.19.0) sha256=13a24757317ba7e15d4f2ef450c09fa227d6ee6e190e59c47457ade39a382767
  fastlane-plugin-firebase_app_distribution (0.10.1) sha256=f25628bf390c550d10dfa5136a3de073d322dc5ed9e1bcb168e6068e6d9a07ba
  fastlane_core (0.59.0) sha256=2572887ddf99fbe92e5e46219302a4ac35501d52e435438a59ef279f34cd7ccb
  frameit (3.0.0) sha256=48e87beca07810fbad086b5fc9b44e1bb61019bdc753c654335c7cbea0c50405
  gh_inspector (1.1.3) sha256=04cca7171b87164e053aa43147971d3b7f500fcb58177698886b48a9fc4a1939
  google-apis-core (0.11.3) sha256=43217013b129d7d52c31ebf94146646c55f463ed25e68ad7523fb644d5a9cc97
  google-apis-firebaseappdistribution_v1 (0.3.0) sha256=128f4e9e01fea0719f49f4460c72bc735faa2e7db5450ffde21866ff39a3680d
  google-apis-firebaseappdistribution_v1alpha (0.2.0) sha256=121624c91f716ece8316d5932206acb42cdd3a9584253a42f82ff57f7fa61091
  googleauth (1.8.1) sha256=814adadaaa1221dce72a67131e3ecbd6d23491a161ec84fb15fd353b87d8c9e7
  gym (1.12.1) sha256=78cfe1e4bbac3dd7c1fbba097392175b44d487769cc1dd27367be613eb5393b7
  highline (2.0.3) sha256=2ddd5c127d4692721486f91737307236fe005352d12a4202e26c48614f719479
  http-cookie (1.1.0) sha256=38a5e60d1527eebc396831b8c4b9455440509881219273a6c99943d29eadbb19
  httpclient (2.9.0) sha256=4b645958e494b2f86c2f8a2f304c959baa273a310e77a2931ddb986d83e498c8
  i18n (1.14.7) sha256=ceba573f8138ff2c0915427f1fc5bdf4aa3ab8ae88c8ce255eb3ecf0a11a5d0f
  json (1.8.6) sha256=65af27ca985f70eb0d083aab0f75712c771871222af021ce533bad77bd3bb262
  jwt (2.10.2) sha256=31e1ee46f7359883d5e622446969fe9c118c3da87a0b1dca765ce269c3a0c4f4
  krausefx-shenzhen (0.14.11) sha256=075cb79cc894f8be528a3aadbcd778cca0bd510aee749884936cb58f5cf9bf7e
  logger (1.7.0) sha256=196edec7cc44b66cfb40f9755ce11b392f21f7967696af15d274dde7edff0203
  mime-types (2.99.3) sha256=899678f8802057a90669a88d0300ac75fb24ea3db35ecaa61457700c7247490e
  mini_magick (4.5.1) sha256=17352cb1fc709eacfee886af2946c87e9797c119132ba63d3040ee246899a9a8
  mini_mime (1.1.5) sha256=8681b7e2e4215f2a159f9400b5816d85e9d8c6c6b491e96a12797e798f8bccef
  minitest (5.27.0) sha256=2d3b17f8a36fe7801c1adcffdbc38233b938eb0b4966e97a6739055a45fa77d5
  multi_json (1.18.0) sha256=23f70cf73e2895a33e6d10f0ec955b28ef5627ca4bbad0f292e7d16f4675596f
  multi_xml (0.7.2) sha256=307a96dc48613badb7b2fc174fd4e62d7c7b619bc36ea33bfd0c49f64f5787ce
  multipart-post (2.4.1) sha256=9872d03a8e552020ca096adadbf5e3cb1cd1cdd6acd3c161136b8a5737cdb4a8
  mutex_m (0.3.0) sha256=cfcb04ac16b69c4813777022fdceda24e9f798e48092a2b817eb4c0a782b0751
  net-sftp (2.1.2) sha256=3e70b8130b1c86039b0847aeb088a2254df49053023546a5923e5763c923c710
  net-ssh (7.3.0) sha256=172076c4b30ce56fb25a03961b0c4da14e1246426401b0f89cba1a3b54bf3ef0
  netrc (0.11.0) sha256=de1ce33da8c99ab1d97871726cba75151113f117146becbe45aa85cb3dabee3f
  nokogiri (1.18.10-arm64-darwin) sha256=c2b0de30770f50b92c9323fa34a4e1cf5a0af322afcacd239cd66ee1c1b22c85
  os (1.1.4) sha256=57816d6a334e7bd6aed048f4b0308226c5fb027433b67d90a9ab435f35108d3f
  pbxplorer (1.0.0) sha256=44862378c2db761f9c5b943a6d83238d7ba82d4c21915b38c1f8a72a81e33803
  pem (1.4.1) sha256=36156268d5b45198e7bca6f9f52b8f8668cfbad9e30b8e3d8d033cffda9c809e
  plist (3.7.2) sha256=d37a4527cc1116064393df4b40e1dbbc94c65fa9ca2eec52edf9a13616718a42
  produce (1.3.2) sha256=44b93b7ebeb83397bf23c01763d2e2785fa55579c9c2a08fe4332a7d9b8192c0
  public_suffix (7.0.0) sha256=f7090b5beb0e56f9f10d79eed4d5fbe551b3b425da65877e075dad47a6a1b095
  racc (1.8.1) sha256=4a7f6929691dbec8b5209a0b373bc2614882b55fc5d2e447a21aaa691303d62f
  representable (3.2.0) sha256=cc29bf7eebc31653586849371a43ffe36c60b54b0a6365b5f7d95ec34d1ebace
  rest-client (1.8.0) sha256=e70e4fe5660181fe5c6909de06f7b716931b433f5748f3713c841be709031fd5
  retriable (3.1.2) sha256=0a5a5d0ca4ba61a76fb31a17ab8f7f80281beb040c329d34dfc137a1398688e0
  rexml (3.4.4) sha256=19e0a2c3425dfbf2d4fc1189747bdb2f849b6c5e74180401b15734bc97b5d142
  rouge (3.28.0) sha256=0d6de482c7624000d92697772ab14e48dca35629f8ddf3f4b21c99183fd70e20
  rubyzip (1.1.7) sha256=24ab7c93f05eb8f6ec1c6c110f60bb5f0f2fa54b09e95eaa3b097e0fe5640133
  securerandom (0.4.1) sha256=cc5193d414a4341b6e225f0cb4446aceca8e50d5e1888743fac16987638ea0b1
  security (0.1.5) sha256=3a977a0eca7706e804c96db0dd9619e0a94969fe3aac9680fcfc2bf9b8a833b7
  sigh (1.12.1) sha256=fe31b7ef50ac54dd4aa4ac8146c8e223bbdc5ca8d1a6c5348482f97e130a3fca
  signet (0.21.0) sha256=d617e9fbf24928280d39dcfefba9a0372d1c38187ffffd0a9283957a10a8cd5b
  slack-notifier (1.5.1) sha256=062aee1c1abf78ec305568ba885b958d3a41538b86a653ab30fe0100fb8a5b75
  snapshot (1.16.4) sha256=794a735fef143b2b0a853c1327c601f06954209a0770b6b2db5293d48b30e119
  spaceship (0.39.0) sha256=36f23aa0880f40f7c7444f5d5d282224b6bfe27d1a67bf18df7029b3902cd372
  terminal-notifier (1.6.3) sha256=907e6fdfc6ca0cbecdd62d0b617f807e6107c6ff573bc8a86e1d1af59422a1da
  terminal-table (1.4.5) sha256=bf81561a406d3389fcd08fc44447fb980f2810d1aaf99b9e06fc1916c83d1999
  trailblazer-option (0.1.2) sha256=20e4f12ea4e1f718c8007e7944ca21a329eee4eed9e0fa5dde6e8ad8ac4344a3
  tzinfo (2.0.6) sha256=8daf828cc77bcf7d63b0e3bdb6caa47e2272dcfaf4fbfe46f8c3a9df087a829b
  uber (0.1.0) sha256=5beeb407ff807b5db994f82fa9ee07cfceaa561dad8af20be880bc67eba935dc
  uri (1.1.1) sha256=379fa58d27ffb1387eaada68c749d1426738bd0f654d812fcc07e7568f5c57c6
  xcodeproj (0.28.2) sha256=92bbaa648135e0820bcbf2bef75d8e1dcb3289acefcba2a680eea33ea96d1d20
  xcpretty (0.4.1) sha256=b14c50e721f6589ee3d6f5353e2c2cfcd8541fa1ea16d6c602807dd7327f3892

BUNDLED WITH
  4.0.1
